
Microsoft Visual Studio Solution File, Format Version 12.00
# Visual Studio Version 17
VisualStudioVersion = 17.9.34728.123
MinimumVisualStudioVersion = 10.0.40219.1
Project("{FAE04EC0-301F-11D3-BF4B-00C04F79EFBC}") = "ArabaKirala", "ArabaKirala\ArabaKirala.csproj", "{0942C65F-A5FA-4EA6-A194-88444FBF9872}"
EndProject
Global
	GlobalSection(SolutionConfigurationPlatforms) = preSolution
		Debug|Any CPU = Debug|Any CPU
		Release|Any CPU = Release|Any CPU
	EndGlobalSection
	GlobalSection(ProjectConfigurationPlatforms) = postSolution
		{0942C65F-A5FA-4EA6-A194-88444FBF9872}.Debug|Any CPU.ActiveCfg = Debug|Any CPU
		{0942C65F-A5FA-4EA6-A194-88444FBF9872}.Debug|Any CPU.Build.0 = Debug|Any CPU
		{0942C65F-A5FA-4EA6-A194-88444FBF9872}.Release|Any CPU.ActiveCfg = Release|Any CPU
		{0942C65F-A5FA-4EA6-A194-88444FBF9872}.Release|Any CPU.Build.0 = Release|Any CPU
	EndGlobalSection
	GlobalSection(SolutionProperties) = preSolution
		HideSolutionNode = FALSE
	EndGlobalSection
	GlobalSection(ExtensibilityGlobals) = postSolution
		SolutionGuid = {7558267B-3494-48D6-B8A7-64F013517B46}
	EndGlobalSection
EndGlobal
